
Microsoft Visual Studio Solution File, Format Version 12.00
# Visual Studio Version 16
VisualStudioVersion = 16.0.31702.278
MinimumVisualStudioVersion = 10.0.40219.1
Project("{FAE04EC0-301F-11D3-BF4B-00C04F79EFBC}") = "UC1createStack", "UC1createStack\UC1createStack.csproj", "{834F1D60-EA4E-4810-B74D-73A06955306F}"
EndProject
Global
	GlobalSection(SolutionConfigurationPlatforms) = preSolution
		Debug|Any CPU = Debug|Any CPU
		Release|Any CPU = Release|Any CPU
	EndGlobalSection
	GlobalSection(ProjectConfigurationPlatforms) = postSolution
		{834F1D60-EA4E-4810-B74D-73A06955306F}.Debug|Any CPU.ActiveCfg = Debug|Any CPU
		{834F1D60-EA4E-4810-B74D-73A06955306F}.Debug|Any CPU.Build.0 = Debug|Any CPU
		{834F1D60-EA4E-4810-B74D-73A06955306F}.Release|Any CPU.ActiveCfg = Release|Any CPU
		{834F1D60-EA4E-4810-B74D-73A06955306F}.Release|Any CPU.Build.0 = Release|Any CPU
	EndGlobalSection
	GlobalSection(SolutionProperties) = preSolution
		HideSolutionNode = FALSE
	EndGlobalSection
	GlobalSection(ExtensibilityGlobals) = postSolution
		SolutionGuid = {17410FC8-2571-4B07-8A71-2EBF08954BE9}
	EndGlobalSection
EndGlobal
